
Microsoft Visual Studio Solution File, Format Version 12.00
# Visual Studio 14
VisualStudioVersion = 14.0.25420.1
MinimumVisualStudioVersion = 10.0.40219.1
Project("{FAE04EC0-301F-11D3-BF4B-00C04F79EFBC}") = "PrintStore.WebUI", "PrintStore\PrintStore.WebUI.csproj", "{CD8D2290-80C6-49F6-9A4D-49C6133AEAA5}"
EndProject
Project("{FAE04EC0-301F-11D3-BF4B-00C04F79EFBC}") = "PrintStore.UnitTests", "PrintStore.UnitTests\PrintStore.UnitTests.csproj", "{53AE511C-7C75-4DF9-8EA8-AF8A4918B3D8}"
EndProject
Project("{FAE04EC0-301F-11D3-BF4B-00C04F79EFBC}") = "PrintStore.Domain", "PrintStore.Domain\PrintStore.Domain.csproj", "{4A67340A-78ED-444C-9D8B-A07E73DED090}"
EndProject
Global
	GlobalSection(SolutionConfigurationPlatforms) = preSolution
		Debug|Any CPU = Debug|Any CPU
		Release|Any CPU = Release|Any CPU
	EndGlobalSection
	GlobalSection(ProjectConfigurationPlatforms) = postSolution
		{CD8D2290-80C6-49F6-9A4D-49C6133AEAA5}.Debug|Any CPU.ActiveCfg = Debug|Any CPU
		{CD8D2290-80C6-49F6-9A4D-49C6133AEAA5}.Debug|Any CPU.Build.0 = Debug|Any CPU
		{CD8D2290-80C6-49F6-9A4D-49C6133AEAA5}.Release|Any CPU.ActiveCfg = Release|Any CPU
		{CD8D2290-80C6-49F6-9A4D-49C6133AEAA5}.Release|Any CPU.Build.0 = Release|Any CPU
		{53AE511C-7C75-4DF9-8EA8-AF8A4918B3D8}.Debug|Any CPU.ActiveCfg = Debug|Any CPU
		{53AE511C-7C75-4DF9-8EA8-AF8A4918B3D8}.Debug|Any CPU.Build.0 = Debug|Any CPU
		{53AE511C-7C75-4DF9-8EA8-AF8A4918B3D8}.Release|Any CPU.ActiveCfg = Release|Any CPU
		{53AE511C-7C75-4DF9-8EA8-AF8A4918B3D8}.Release|Any CPU.Build.0 = Release|Any CPU
		{4A67340A-78ED-444C-9D8B-A07E73DED090}.Debug|Any CPU.ActiveCfg = Debug|Any CPU
		{4A67340A-78ED-444C-9D8B-A07E73DED090}.Debug|Any CPU.Build.0 = Debug|Any CPU
		{4A67340A-78ED-444C-9D8B-A07E73DED090}.Release|Any CPU.ActiveCfg = Release|Any CPU
		{4A67340A-78ED-444C-9D8B-A07E73DED090}.Release|Any CPU.Build.0 = Release|Any CPU
	EndGlobalSection
	GlobalSection(SolutionProperties) = preSolution
		HideSolutionNode = FALSE
	EndGlobalSection
EndGlobal
